// !$*UTF8*$!
{
	archiveVersion = 1;
	classes = {
	};
	objectVersion = 50;
	objects = {

/* Begin PBXBuildFile section */
		219B62AC30DC12BBB307876B /* Pods_Todoey_New.framework in Frameworks */ = {isa = PBXBuildFile; fileRef = 79A549ED1B0E196AD6957A35 /* Pods_Todoey_New.framework */; };
		32707C61227035E40045CEB2 /* CategoryVC.swift in Sources */ = {isa = PBXBuildFile; fileRef = 32707C60227035E40045CEB2 /* CategoryVC.swift */; };
		32A8FE9A226DA04C00C2C544 /* AppDelegate.swift in Sources */ = {isa = PBXBuildFile; fileRef = 32A8FE99226DA04C00C2C544 /* AppDelegate.swift */; };
		32A8FE9C226DA04C00C2C544 /* TodoListVC.swift in Sources */ = {isa = PBXBuildFile; fileRef = 32A8FE9B226DA04C00C2C544 /* TodoListVC.swift */; };
		32A8FE9F226DA04C00C2C544 /* Main.storyboard in Resources */ = {isa = PBXBuildFile; fileRef = 32A8FE9D226DA04C00C2C544 /* Main.storyboard */; };
		32A8FEA1226DA04D00C2C544 /* Assets.xcassets in Resources */ = {isa = PBXBuildFile; fileRef = 32A8FEA0226DA04D00C2C544 /* Assets.xcassets */; };
		32A8FEA4226DA04D00C2C544 /* LaunchScreen.storyboard in Resources */ = {isa = PBXBuildFile; fileRef = 32A8FEA2226DA04D00C2C544 /* LaunchScreen.storyboard */; };
		32C0DD282271B59800A40A08 /* Item.swift in Sources */ = {isa = PBXBuildFile; fileRef = 32C0DD272271B59800A40A08 /* Item.swift */; };
		32C0DD2A2271B63200A40A08 /* Category.swift in Sources */ = {isa = PBXBuildFile; fileRef = 32C0DD292271B63200A40A08 /* Category.swift */; };
		32C0DD2C2272A9FC00A40A08 /* SwipeTableVC.swift in Sources */ = {isa = PBXBuildFile; fileRef = 32C0DD2B2272A9FC00A40A08 /* SwipeTableVC.swift */; };
/* End PBXBuildFile section */

/* Begin PBXFileReference section */
		32707C60227035E40045CEB2 /* CategoryVC.swift */ = {isa = PBXFileReference; lastKnownFileType = sourcecode.swift; path = CategoryVC.swift; sourceTree = "<group>"; };
		32A8FE96226DA04C00C2C544 /* Todoey-New.app */ = {isa = PBXFileReference; explicitFileType = wrapper.application; includeInIndex = 0; path = "Todoey-New.app"; sourceTree = BUILT_PRODUCTS_DIR; };
		32A8FE99226DA04C00C2C544 /* AppDelegate.swift */ = {isa = PBXFileReference; lastKnownFileType = sourcecode.swift; path = AppDelegate.swift; sourceTree = "<group>"; };
		32A8FE9B226DA04C00C2C544 /* TodoListVC.swift */ = {isa = PBXFileReference; lastKnownFileType = sourcecode.swift; path = TodoListVC.swift; sourceTree = "<group>"; };
		32A8FE9E226DA04C00C2C544 /* Base */ = {isa = PBXFileReference; lastKnownFileType = file.storyboard; name = Base; path = Base.lproj/Main.storyboard; sourceTree = "<group>"; };
		32A8FEA0226DA04D00C2C544 /* Assets.xcassets */ = {isa = PBXFileReference; lastKnownFileType = folder.assetcatalog; path = Assets.xcassets; sourceTree = "<group>"; };
		32A8FEA3226DA04D00C2C544 /* Base */ = {isa = PBXFileReference; lastKnownFileType = file.storyboard; name = Base; path = Base.lproj/LaunchScreen.storyboard; sourceTree = "<group>"; };
		32A8FEA5226DA04D00C2C544 /* Info.plist */ = {isa = PBXFileReference; lastKnownFileType = text.plist.xml; path = Info.plist; sourceTree = "<group>"; };
		32C0DD272271B59800A40A08 /* Item.swift */ = {isa = PBXFileReference; lastKnownFileType = sourcecode.swift; path = Item.swift; sourceTree = "<group>"; };
		32C0DD292271B63200A40A08 /* Category.swift */ = {isa = PBXFileReference; lastKnownFileType = sourcecode.swift; path = Category.swift; sourceTree = "<group>"; };
		32C0DD2B2272A9FC00A40A08 /* SwipeTableVC.swift */ = {isa = PBXFileReference; lastKnownFileType = sourcecode.swift; path = SwipeTableVC.swift; sourceTree = "<group>"; };
		36C1C113FEB4F88BD1DEC5EB /* Pods-Todoey-New.release.xcconfig */ = {isa = PBXFileReference; includeInIndex = 1; lastKnownFileType = text.xcconfig; name = "Pods-Todoey-New.release.xcconfig"; path = "Target Support Files/Pods-Todoey-New/Pods-Todoey-New.release.xcconfig"; sourceTree = "<group>"; };
		79A549ED1B0E196AD6957A35 /* Pods_Todoey_New.framework */ = {isa = PBXFileReference; explicitFileType = wrapper.framework; includeInIndex = 0; path = Pods_Todoey_New.framework; sourceTree = BUILT_PRODUCTS_DIR; };
		873B4291238E2D71E8B990BC /* Pods-Todoey-New.debug.xcconfig */ = {isa = PBXFileReference; includeInIndex = 1; lastKnownFileType = text.xcconfig; name = "Pods-Todoey-New.debug.xcconfig"; path = "Target Support Files/Pods-Todoey-New/Pods-Todoey-New.debug.xcconfig"; sourceTree = "<group>"; };
/* End PBXFileReference section */

/* Begin PBXFrameworksBuildPhase section */
		32A8FE93226DA04C00C2C544 /* Frameworks */ = {
			isa = PBXFrameworksBuildPhase;
			buildActionMask = 2147483647;
			files = (
				219B62AC30DC12BBB307876B /* Pods_Todoey_New.framework in Frameworks */,
			);
			runOnlyForDeploymentPostprocessing = 0;
		};
/* End PBXFrameworksBuildPhase section */

/* Begin PBXGroup section */
		32707C36226EA7260045CEB2 /* Data Model */ = {
			isa = PBXGroup;
			children = (
				32C0DD272271B59800A40A08 /* Item.swift */,
				32C0DD292271B63200A40A08 /* Category.swift */,
			);
			path = "Data Model";
			sourceTree = "<group>";
		};
		32707C39226EA77A0045CEB2 /* Controllers */ = {
			isa = PBXGroup;
			children = (
				32707C60227035E40045CEB2 /* CategoryVC.swift */,
				32A8FE9B226DA04C00C2C544 /* TodoListVC.swift */,
				32C0DD2B2272A9FC00A40A08 /* SwipeTableVC.swift */,
			);
			path = Controllers;
			sourceTree = "<group>";
		};
		32707C3A226EA7920045CEB2 /* Views */ = {
			isa = PBXGroup;
			children = (
				32A8FE9D226DA04C00C2C544 /* Main.storyboard */,
			);
			path = Views;
			sourceTree = "<group>";
		};
		32707C3B226EA7B80045CEB2 /* Supporting Files */ = {
			isa = PBXGroup;
			children = (
				32A8FEA2226DA04D00C2C544 /* LaunchScreen.storyboard */,
				32A8FEA0226DA04D00C2C544 /* Assets.xcassets */,
			);
			path = "Supporting Files";
			sourceTree = "<group>";
		};
		32A8FE8D226DA04C00C2C544 = {
			isa = PBXGroup;
			children = (
				32A8FE98226DA04C00C2C544 /* Todoey-New */,
				32A8FE97226DA04C00C2C544 /* Products */,
				D2057602026FCCADDA50DA99 /* Pods */,
				8177F8001E4CC6BCF6DB7D2D /* Frameworks */,
			);
			sourceTree = "<group>";
		};
		32A8FE97226DA04C00C2C544 /* Products */ = {
			isa = PBXGroup;
			children = (
				32A8FE96226DA04C00C2C544 /* Todoey-New.app */,
			);
			name = Products;
			sourceTree = "<group>";
		};
		32A8FE98226DA04C00C2C544 /* Todoey-New */ = {
			isa = PBXGroup;
			children = (
				32A8FE99226DA04C00C2C544 /* AppDelegate.swift */,
				32707C3A226EA7920045CEB2 /* Views */,
				32707C39226EA77A0045CEB2 /* Controllers */,
				32707C36226EA7260045CEB2 /* Data Model */,
				32707C3B226EA7B80045CEB2 /* Supporting Files */,
				32A8FEA5226DA04D00C2C544 /* Info.plist */,
			);
			path = "Todoey-New";
			sourceTree = "<group>";
		};
		8177F8001E4CC6BCF6DB7D2D /* Frameworks */ = {
			isa = PBXGroup;
			children = (
				79A549ED1B0E196AD6957A35 /* Pods_Todoey_New.framework */,
			);
			name = Frameworks;
			sourceTree = "<group>";
		};
		D2057602026FCCADDA50DA99 /* Pods */ = {
			isa = PBXGroup;
			children = (
				873B4291238E2D71E8B990BC /* Pods-Todoey-New.debug.xcconfig */,
				36C1C113FEB4F88BD1DEC5EB /* Pods-Todoey-New.release.xcconfig */,
			);
			path = Pods;
			sourceTree = "<group>";
		};
/* End PBXGroup section */

/* Begin PBXNativeTarget section */
		32A8FE95226DA04C00C2C544 /* Todoey-New */ = {
			isa = PBXNativeTarget;
			buildConfigurationList = 32A8FEA8226DA04D00C2C544 /* Build configuration list for PBXNativeTarget "Todoey-New" */;
			buildPhases = (
				E4FB75B5BD1DC65B04781A81 /* [CP] Check Pods Manifest.lock */,
				32A8FE92226DA04C00C2C544 /* Sources */,
				32A8FE93226DA04C00C2C544 /* Frameworks */,
				32A8FE94226DA04C00C2C544 /* Resources */,
				DC4887513C05FF5564932C2C /* [CP] Embed Pods Frameworks */,
			);
			buildRules = (
			);
			dependencies = (
			);
			name = "Todoey-New";
			productName = "Todoey-New";
			productReference = 32A8FE96226DA04C00C2C544 /* Todoey-New.app */;
			productType = "com.apple.product-type.application";
		};
/* End PBXNativeTarget section */

/* Begin PBXProject section */
		32A8FE8E226DA04C00C2C544 /* Project object */ = {
			isa = PBXProject;
			attributes = {
				LastSwiftUpdateCheck = 1020;
				LastUpgradeCheck = 1020;
				ORGANIZATIONNAME = TCMR;
				TargetAttributes = {
					32A8FE95226DA04C00C2C544 = {
						CreatedOnToolsVersion = 10.2;
					};
				};
			};
			buildConfigurationList = 32A8FE91226DA04C00C2C544 /* Build configuration list for PBXProject "Todoey-New" */;
			compatibilityVersion = "Xcode 9.3";
			developmentRegion = en;
			hasScannedForEncodings = 0;
			knownRegions = (
				en,
				Base,
			);
			mainGroup = 32A8FE8D226DA04C00C2C544;
			productRefGroup = 32A8FE97226DA04C00C2C544 /* Products */;
			projectDirPath = "";
			projectRoot = "";
			targets = (
				32A8FE95226DA04C00C2C544 /* Todoey-New */,
			);
		};
/* End PBXProject section */

/* Begin PBXResourcesBuildPhase section */
		32A8FE94226DA04C00C2C544 /* Resources */ = {
			isa = PBXResourcesBuildPhase;
			buildActionMask = 2147483647;
			files = (
				32A8FEA4226DA04D00C2C544 /* LaunchScreen.storyboard in Resources */,
				32A8FEA1226DA04D00C2C544 /* Assets.xcassets in Resources */,
				32A8FE9F226DA04C00C2C544 /* Main.storyboard in Resources */,
			);
			runOnlyForDeploymentPostprocessing = 0;
		};
/* End PBXResourcesBuildPhase section */

/* Begin PBXShellScriptBuildPhase section */
		DC4887513C05FF5564932C2C /* [CP] Embed Pods Frameworks */ = {
			isa = PBXShellScriptBuildPhase;
			buildActionMask = 2147483647;
			files = (
			);
			inputFileListPaths = (
			);
			inputPaths = (
				"${PODS_ROOT}/Target Support Files/Pods-Todoey-New/Pods-Todoey-New-frameworks.sh",
				"${BUILT_PRODUCTS_DIR}/ChameleonFramework/ChameleonFramework.framework",
				"${BUILT_PRODUCTS_DIR}/Realm/Realm.framework",
				"${BUILT_PRODUCTS_DIR}/RealmSwift/RealmSwift.framework",
				"${BUILT_PRODUCTS_DIR}/SwipeCellKit/SwipeCellKit.framework",
			);
			name = "[CP] Embed Pods Frameworks";
			outputFileListPaths = (
			);
			outputPaths = (
				"${TARGET_BUILD_DIR}/${FRAMEWORKS_FOLDER_PATH}/ChameleonFramework.framework",
				"${TARGET_BUILD_DIR}/${FRAMEWORKS_FOLDER_PATH}/Realm.framework",
				"${TARGET_BUILD_DIR}/${FRAMEWORKS_FOLDER_PATH}/RealmSwift.framework",
				"${TARGET_BUILD_DIR}/${FRAMEWORKS_FOLDER_PATH}/SwipeCellKit.framework",
			);
			runOnlyForDeploymentPostprocessing = 0;
			shellPath = /bin/sh;
			shellScript = "\"${PODS_ROOT}/Target Support Files/Pods-Todoey-New/Pods-Todoey-New-frameworks.sh\"\n";
			showEnvVarsInLog = 0;
		};
		E4FB75B5BD1DC65B04781A81 /* [CP] Check Pods Manifest.lock */ = {
			isa = PBXShellScriptBuildPhase;
			buildActionMask = 2147483647;
			files = (
			);
			inputFileListPaths = (
			);
			inputPaths = (
				"${PODS_PODFILE_DIR_PATH}/Podfile.lock",
				"${PODS_ROOT}/Manifest.lock",
			);
			name = "[CP] Check Pods Manifest.lock";
			outputFileListPaths = (
			);
			outputPaths = (
				"$(DERIVED_FILE_DIR)/Pods-Todoey-New-checkManifestLockResult.txt",
			);
			runOnlyForDeploymentPostprocessing = 0;
			shellPath = /bin/sh;
			shellScript = "diff \"${PODS_PODFILE_DIR_PATH}/Podfile.lock\" \"${PODS_ROOT}/Manifest.lock\" > /dev/null\nif [ $? != 0 ] ; then\n    # print error to STDERR\n    echo \"error: The sandbox is not in sync with the Podfile.lock. Run 'pod install' or update your CocoaPods installation.\" >&2\n    exit 1\nfi\n# This output is used by Xcode 'outputs' to avoid re-running this script phase.\necho \"SUCCESS\" > \"${SCRIPT_OUTPUT_FILE_0}\"\n";
			showEnvVarsInLog = 0;
		};
/* End PBXShellScriptBuildPhase section */

/* Begin PBXSourcesBuildPhase section */
		32A8FE92226DA04C00C2C544 /* Sources */ = {
			isa = PBXSourcesBuildPhase;
			buildActionMask = 2147483647;
			files = (
				32C0DD282271B59800A40A08 /* Item.swift in Sources */,
				32A8FE9C226DA04C00C2C544 /* TodoListVC.swift in Sources */,
				32707C61227035E40045CEB2 /* CategoryVC.swift in Sources */,
				32A8FE9A226DA04C00C2C544 /* AppDelegate.swift in Sources */,
				32C0DD2C2272A9FC00A40A08 /* SwipeTableVC.swift in Sources */,
				32C0DD2A2271B63200A40A08 /* Category.swift in Sources */,
			);
			runOnlyForDeploymentPostprocessing = 0;
		};
/* End PBXSourcesBuildPhase section */

/* Begin PBXVariantGroup section */
		32A8FE9D226DA04C00C2C544 /* Main.storyboard */ = {
			isa = PBXVariantGroup;
			children = (
				32A8FE9E226DA04C00C2C544 /* Base */,
			);
			name = Main.storyboard;
			sourceTree = "<group>";
		};
		32A8FEA2226DA04D00C2C544 /* LaunchScreen.storyboard */ = {
			isa = PBXVariantGroup;
			children = (
				32A8FEA3226DA04D00C2C544 /* Base */,
			);
			name = LaunchScreen.storyboard;
			sourceTree = "<group>";
		};
/* End PBXVariantGroup section */

/* Begin XCBuildConfiguration section */
		32A8FEA6226DA04D00C2C544 /* Debug */ = {
			isa = XCBuildConfiguration;
			buildSettings = {
				ALWAYS_SEARCH_USER_PATHS = NO;
				CLANG_ANALYZER_NONNULL = YES;
				CLANG_ANALYZER_NUMBER_OBJECT_CONVERSION = YES_AGGRESSIVE;
				CLANG_CXX_LANGUAGE_STANDARD = "gnu++14";
				CLANG_CXX_LIBRARY = "libc++";
				CLANG_ENABLE_MODULES = YES;
				CLANG_ENABLE_OBJC_ARC = YES;
				CLANG_ENABLE_OBJC_WEAK = YES;
				CLANG_WARN_BLOCK_CAPTURE_AUTORELEASING = YES;
				CLANG_WARN_BOOL_CONVERSION = YES;
				CLANG_WARN_COMMA = YES;
				CLANG_WARN_CONSTANT_CONVERSION = YES;
				CLANG_WARN_DEPRECATED_OBJC_IMPLEMENTATIONS = YES;
				CLANG_WARN_DIRECT_OBJC_ISA_USAGE = YES_ERROR;
				CLANG_WARN_DOCUMENTATION_COMMENTS = YES;
				CLANG_WARN_EMPTY_BODY = YES;
				CLANG_WARN_ENUM_CONVERSION = YES;
				CLANG_WARN_INFINITE_RECURSION = YES;
				CLANG_WARN_INT_CONVERSION = YES;
				CLANG_WARN_NON_LITERAL_NULL_CONVERSION = YES;
				CLANG_WARN_OBJC_IMPLICIT_RETAIN_SELF = YES;
				CLANG_WARN_OBJC_LITERAL_CONVERSION = YES;
				CLANG_WARN_OBJC_ROOT_CLASS = YES_ERROR;
				CLANG_WARN_RANGE_LOOP_ANALYSIS = YES;
				CLANG_WARN_STRICT_PROTOTYPES = YES;
				CLANG_WARN_SUSPICIOUS_MOVE = YES;
				CLANG_WARN_UNGUARDED_AVAILABILITY = YES_AGGRESSIVE;
				CLANG_WARN_UNREACHABLE_CODE = YES;
				CLANG_WARN__DUPLICATE_METHOD_MATCH = YES;
				CODE_SIGN_IDENTITY = "iPhone Developer";
				COPY_PHASE_STRIP = NO;
				DEBUG_INFORMATION_FORMAT = dwarf;
				ENABLE_STRICT_OBJC_MSGSEND = YES;
				ENABLE_TESTABILITY = YES;
				GCC_C_LANGUAGE_STANDARD = gnu11;
				GCC_DYNAMIC_NO_PIC = NO;
				GCC_NO_COMMON_BLOCKS = YES;
				GCC_OPTIMIZATION_LEVEL = 0;
				GCC_PREPROCESSOR_DEFINITIONS = (
					"DEBUG=1",
					"$(inherited)",
				);
				GCC_WARN_64_TO_32_BIT_CONVERSION = YES;
				GCC_WARN_ABOUT_RETURN_TYPE = YES_ERROR;
				GCC_WARN_UNDECLARED_SELECTOR = YES;
				GCC_WARN_UNINITIALIZED_AUTOS = YES_AGGRESSIVE;
				GCC_WARN_UNUSED_FUNCTION = YES;
				GCC_WARN_UNUSED_VARIABLE = YES;
				IPHONEOS_DEPLOYMENT_TARGET = 12.2;
				MTL_ENABLE_DEBUG_INFO = INCLUDE_SOURCE;
				MTL_FAST_MATH = YES;
				ONLY_ACTIVE_ARCH = YES;
				SDKROOT = iphoneos;
				SWIFT_ACTIVE_COMPILATION_CONDITIONS = DEBUG;
				SWIFT_OPTIMIZATION_LEVEL = "-Onone";
			};
			name = Debug;
		};
		32A8FEA7226DA04D00C2C544 /* Release */ = {
			isa = XCBuildConfiguration;
			buildSettings = {
				ALWAYS_SEARCH_USER_PATHS = NO;
				CLANG_ANALYZER_NONNULL = YES;
				CLANG_ANALYZER_NUMBER_OBJECT_CONVERSION = YES_AGGRESSIVE;
				CLANG_CXX_LANGUAGE_STANDARD = "gnu++14";
				CLANG_CXX_LIBRARY = "libc++";
				CLANG_ENABLE_MODULES = YES;
				CLANG_ENABLE_OBJC_ARC = YES;
				CLANG_ENABLE_OBJC_WEAK = YES;
				CLANG_WARN_BLOCK_CAPTURE_AUTORELEASING = YES;
				CLANG_WARN_BOOL_CONVERSION = YES;
				CLANG_WARN_COMMA = YES;
				CLANG_WARN_CONSTANT_CONVERSION = YES;
				CLANG_WARN_DEPRECATED_OBJC_IMPLEMENTATIONS = YES;
				CLANG_WARN_DIRECT_OBJC_ISA_USAGE = YES_ERROR;
				CLANG_WARN_DOCUMENTATION_COMMENTS = YES;
				CLANG_WARN_EMPTY_BODY = YES;
				CLANG_WARN_ENUM_CONVERSION = YES;
				CLANG_WARN_INFINITE_RECURSION = YES;
				CLANG_WARN_INT_CONVERSION = YES;
				CLANG_WARN_NON_LITERAL_NULL_CONVERSION = YES;
				CLANG_WARN_OBJC_IMPLICIT_RETAIN_SELF = YES;
				CLANG_WARN_OBJC_LITERAL_CONVERSION = YES;
				CLANG_WARN_OBJC_ROOT_CLASS = YES_ERROR;
				CLANG_WARN_RANGE_LOOP_ANALYSIS = YES;
				CLANG_WARN_STRICT_PROTOTYPES = YES;
				CLANG_WARN_SUSPICIOUS_MOVE = YES;
				CLANG_WARN_UNGUARDED_AVAILABILITY = YES_AGGRESSIVE;
				CLANG_WARN_UNREACHABLE_CODE = YES;
				CLANG_WARN__DUPLICATE_METHOD_MATCH = YES;
				CODE_SIGN_IDENTITY = "iPhone Developer";
				COPY_PHASE_STRIP = NO;
				DEBUG_INFORMATION_FORMAT = "dwarf-with-dsym";
				ENABLE_NS_ASSERTIONS = NO;
				ENABLE_STRICT_OBJC_MSGSEND = YES;
				GCC_C_LANGUAGE_STANDARD = gnu11;
				GCC_NO_COMMON_BLOCKS = YES;
				GCC_WARN_64_TO_32_BIT_CONVERSION = YES;
				GCC_WARN_ABOUT_RETURN_TYPE = YES_ERROR;
				GCC_WARN_UNDECLARED_SELECTOR = YES;
				GCC_WARN_UNINITIALIZED_AUTOS = YES_AGGRESSIVE;
				GCC_WARN_UNUSED_FUNCTION = YES;
				GCC_WARN_UNUSED_VARIABLE = YES;
				IPHONEOS_DEPLOYMENT_TARGET = 12.2;
				MTL_ENABLE_DEBUG_INFO = NO;
				MTL_FAST_MATH = YES;
				SDKROOT = iphoneos;
				SWIFT_COMPILATION_MODE = wholemodule;
				SWIFT_OPTIMIZATION_LEVEL = "-O";
				VALIDATE_PRODUCT = YES;
			};
			name = Release;
		};
		32A8FEA9226DA04D00C2C544 /* Debug */ = {
			isa = XCBuildConfiguration;
			baseConfigurationReference = 873B4291238E2D71E8B990BC /* Pods-Todoey-New.debug.xcconfig */;
			buildSettings = {
				ASSETCATALOG_COMPILER_APPICON_NAME = AppIcon;
				CODE_SIGN_STYLE = Automatic;
				DEVELOPMENT_TEAM = A78UQ723YL;
				INFOPLIST_FILE = "Todoey-New/Info.plist";
				LD_RUNPATH_SEARCH_PATHS = (
					"$(inherited)",
					"@executable_path/Frameworks",
				);
				PRODUCT_BUNDLE_IDENTIFIER = "net.tcmrestoration.Todoey-New";
				PRODUCT_NAME = "$(TARGET_NAME)";
				SWIFT_VERSION = 5.0;
				TARGETED_DEVICE_FAMILY = "1,2";
			};
			name = Debug;
		};
		32A8FEAA226DA04D00C2C544 /* Release */ = {
			isa = XCBuildConfiguration;
			baseConfigurationReference = 36C1C113FEB4F88BD1DEC5EB /* Pods-Todoey-New.release.xcconfig */;
			buildSettings = {
				ASSETCATALOG_COMPILER_APPICON_NAME = AppIcon;
				CODE_SIGN_STYLE = Automatic;
				DEVELOPMENT_TEAM = A78UQ723YL;
				INFOPLIST_FILE = "Todoey-New/Info.plist";
				LD_RUNPATH_SEARCH_PATHS = (
					"$(inherited)",
					"@executable_path/Frameworks",
				);
				PRODUCT_BUNDLE_IDENTIFIER = "net.tcmrestoration.Todoey-New";
				PRODUCT_NAME = "$(TARGET_NAME)";
				SWIFT_VERSION = 5.0;
				TARGETED_DEVICE_FAMILY = "1,2";
			};
			name = Release;
		};
/* End XCBuildConfiguration section */

/* Begin XCConfigurationList section */
		32A8FE91226DA04C00C2C544 /* Build configuration list for PBXProject "Todoey-New" */ = {
			isa = XCConfigurationList;
			buildConfigurations = (
				32A8FEA6226DA04D00C2C544 /* Debug */,
				32A8FEA7226DA04D00C2C544 /* Release */,
			);
			defaultConfigurationIsVisible = 0;
			defaultConfigurationName = Release;
		};
		32A8FEA8226DA04D00C2C544 /* Build configuration list for PBXNativeTarget "Todoey-New" */ = {
			isa = XCConfigurationList;
			buildConfigurations = (
				32A8FEA9226DA04D00C2C544 /* Debug */,
				32A8FEAA226DA04D00C2C544 /* Release */,
			);
			defaultConfigurationIsVisible = 0;
			defaultConfigurationName = Release;
		};
/* End XCConfigurationList section */
	};
	rootObject = 32A8FE8E226DA04C00C2C544 /* Project object */;
}
